{
  "requires": true,
  "lockfileVersion": 1,
  "dependencies": {
    "expo-linear-gradient": {
      "version": "11.0.3",
      "resolved": "https://registry.npmjs.org/expo-linear-gradient/-/expo-linear-gradient-11.0.3.tgz",
      "integrity": "sha512-LuzTM5+iEHCQfC2TBHAAI+ZjPvf0TvGiA7GYMsyTnakGA2r4JtsV8Ah/miQPKhfG06jLDOo4grUoSMGqbmSrEw=="
    }
  }
}
